
Microsoft Visual Studio Solution File, Format Version 12.00
# Visual Studio Version 16
VisualStudioVersion = 16.0.28822.285
MinimumVisualStudioVersion = 10.0.40219.1
Project("{9A19103F-16F7-4668-BE54-9A1E7A4F7556}") = "Users", "TareaSemana7_E1_ChristianSanchez\Users.csproj", "{83B84705-D342-4D54-8C70-A43B35B7E087}"
EndProject
Global
	GlobalSection(SolutionConfigurationPlatforms) = preSolution
		Debug|Any CPU = Debug|Any CPU
		Release|Any CPU = Release|Any CPU
	EndGlobalSection
	GlobalSection(ProjectConfigurationPlatforms) = postSolution
		{83B84705-D342-4D54-8C70-A43B35B7E087}.Debug|Any CPU.ActiveCfg = Debug|Any CPU
		{83B84705-D342-4D54-8C70-A43B35B7E087}.Debug|Any CPU.Build.0 = Debug|Any CPU
		{83B84705-D342-4D54-8C70-A43B35B7E087}.Release|Any CPU.ActiveCfg = Release|Any CPU
		{83B84705-D342-4D54-8C70-A43B35B7E087}.Release|Any CPU.Build.0 = Release|Any CPU
	EndGlobalSection
	GlobalSection(SolutionProperties) = preSolution
		HideSolutionNode = FALSE
	EndGlobalSection
	GlobalSection(ExtensibilityGlobals) = postSolution
		SolutionGuid = {17C6F220-FE0E-44F3-9EE7-235DDFD3B584}
	EndGlobalSection
EndGlobal
